
Microsoft Visual Studio Solution File, Format Version 12.00
# Visual Studio Version 16
VisualStudioVersion = 16.0.29806.167
MinimumVisualStudioVersion = 10.0.40219.1
Project("{2150E333-8FDC-42A3-9474-1A3956D46DE8}") = "src", "src", "{C5B36E3D-FE96-4548-8E1E-DF5E40B1A819}"
EndProject
Project("{FAE04EC0-301F-11D3-BF4B-00C04F79EFBC}") = "Alura.LeilaoOnline.Core", "Alura.LeilaoOnline.Core\Alura.LeilaoOnline.Core.csproj", "{F39E3C98-06FC-438F-B5FB-3F43A13CB2AD}"
EndProject
Project("{2150E333-8FDC-42A3-9474-1A3956D46DE8}") = "tests", "tests", "{2F17350B-A832-453D-A1DF-A2313111AB72}"
EndProject
Global
	GlobalSection(SolutionConfigurationPlatforms) = preSolution
		Debug|Any CPU = Debug|Any CPU
		Release|Any CPU = Release|Any CPU
	EndGlobalSection
	GlobalSection(ProjectConfigurationPlatforms) = postSolution
		{F39E3C98-06FC-438F-B5FB-3F43A13CB2AD}.Debug|Any CPU.ActiveCfg = Debug|Any CPU
		{F39E3C98-06FC-438F-B5FB-3F43A13CB2AD}.Debug|Any CPU.Build.0 = Debug|Any CPU
		{F39E3C98-06FC-438F-B5FB-3F43A13CB2AD}.Release|Any CPU.ActiveCfg = Release|Any CPU
		{F39E3C98-06FC-438F-B5FB-3F43A13CB2AD}.Release|Any CPU.Build.0 = Release|Any CPU
	EndGlobalSection
	GlobalSection(SolutionProperties) = preSolution
		HideSolutionNode = FALSE
	EndGlobalSection
	GlobalSection(NestedProjects) = preSolution
		{F39E3C98-06FC-438F-B5FB-3F43A13CB2AD} = {C5B36E3D-FE96-4548-8E1E-DF5E40B1A819}
	EndGlobalSection
	GlobalSection(ExtensibilityGlobals) = postSolution
		SolutionGuid = {D378A479-1F56-4C3E-8635-D562C751C1D5}
	EndGlobalSection
EndGlobal
